
Microsoft Visual Studio Solution File, Format Version 12.00
# Visual Studio Version 17
VisualStudioVersion = 17.0.31903.59
MinimumVisualStudioVersion = 10.0.40219.1
Project("{2150E333-8FDC-42A3-9474-1A3956D46DE8}") = "src", "src", "{6539E982-9AF8-4017-92E2-AD2113320034}"
EndProject
Project("{9A19103F-16F7-4668-BE54-9A1E7A4F7556}") = "eCommerce.Common.Domain", "src\eCommerce.Common.Domain\eCommerce.Common.Domain.csproj", "{96B2765C-4A8D-41A5-804E-BE17492872AA}"
EndProject
Project("{9A19103F-16F7-4668-BE54-9A1E7A4F7556}") = "eCommerce.Common.Application", "src\eCommerce.Common.Application\eCommerce.Common.Application.csproj", "{9F95D72D-6C55-4688-8A4D-BFB7DD1EE04E}"
EndProject
Project("{9A19103F-16F7-4668-BE54-9A1E7A4F7556}") = "eCommerce.Common", "src\eCommerce.Common\eCommerce.Common.csproj", "{F039BD8C-F5BE-49D1-99EE-82E19821CFA4}"
EndProject
Project("{2150E333-8FDC-42A3-9474-1A3956D46DE8}") = "tests", "tests", "{44B8B563-66EC-4C43-8763-E2494E2AC18A}"
EndProject
Project("{9A19103F-16F7-4668-BE54-9A1E7A4F7556}") = "eCommerce.Common.Domain.Tests", "tests\eCommerce.Common.Domain.Tests\eCommerce.Common.Domain.Tests.csproj", "{962F3402-D276-4CF3-BAA0-E331AC9FBA9D}"
EndProject
Project("{9A19103F-16F7-4668-BE54-9A1E7A4F7556}") = "eCommerce.Common.Application.Tests", "tests\eCommerce.Common.Application.Tests\eCommerce.Common.Application.Tests.csproj", "{DAFC842E-3ECD-48EE-A12C-478F516C928B}"
EndProject
Project("{9A19103F-16F7-4668-BE54-9A1E7A4F7556}") = "eCommerce.Common.Tests", "tests\eCommerce.Common.Tests\eCommerce.Common.Tests.csproj", "{0B29AC9A-062E-4E27-8DD5-000C54762726}"
EndProject
Project("{2150E333-8FDC-42A3-9474-1A3956D46DE8}") = "Solution Items", "Solution Items", "{53AFDCC0-BE12-4981-A6B8-87D821B45859}"
	ProjectSection(SolutionItems) = preProject
		..\.editorconfig = ..\.editorconfig
		.editorconfig = .editorconfig
	EndProjectSection
EndProject
Project("{FAE04EC0-301F-11D3-BF4B-00C04F79EFBC}") = "eCommerce.Common.Abstractions", "src\eCommerce.Common.Abstractions\eCommerce.Common.Abstractions.csproj", "{824E0C2C-2532-43EA-AAE8-C88E96000108}"
EndProject
Project("{FAE04EC0-301F-11D3-BF4B-00C04F79EFBC}") = "eCommerce.Common.Abstractions.Tests", "tests\eCommerce.Common.Abstractions.Tests\eCommerce.Common.Abstractions.Tests.csproj", "{235B50D1-EF65-4691-8427-339437E7457C}"
EndProject
Global
	GlobalSection(SolutionConfigurationPlatforms) = preSolution
		Debug|Any CPU = Debug|Any CPU
		Release|Any CPU = Release|Any CPU
	EndGlobalSection
	GlobalSection(ProjectConfigurationPlatforms) = postSolution
		{96B2765C-4A8D-41A5-804E-BE17492872AA}.Debug|Any CPU.ActiveCfg = Debug|Any CPU
		{96B2765C-4A8D-41A5-804E-BE17492872AA}.Debug|Any CPU.Build.0 = Debug|Any CPU
		{96B2765C-4A8D-41A5-804E-BE17492872AA}.Release|Any CPU.ActiveCfg = Release|Any CPU
		{96B2765C-4A8D-41A5-804E-BE17492872AA}.Release|Any CPU.Build.0 = Release|Any CPU
		{9F95D72D-6C55-4688-8A4D-BFB7DD1EE04E}.Debug|Any CPU.ActiveCfg = Debug|Any CPU
		{9F95D72D-6C55-4688-8A4D-BFB7DD1EE04E}.Debug|Any CPU.Build.0 = Debug|Any CPU
		{9F95D72D-6C55-4688-8A4D-BFB7DD1EE04E}.Release|Any CPU.ActiveCfg = Release|Any CPU
		{9F95D72D-6C55-4688-8A4D-BFB7DD1EE04E}.Release|Any CPU.Build.0 = Release|Any CPU
		{F039BD8C-F5BE-49D1-99EE-82E19821CFA4}.Debug|Any CPU.ActiveCfg = Debug|Any CPU
		{F039BD8C-F5BE-49D1-99EE-82E19821CFA4}.Debug|Any CPU.Build.0 = Debug|Any CPU
		{F039BD8C-F5BE-49D1-99EE-82E19821CFA4}.Release|Any CPU.ActiveCfg = Release|Any CPU
		{F039BD8C-F5BE-49D1-99EE-82E19821CFA4}.Release|Any CPU.Build.0 = Release|Any CPU
		{962F3402-D276-4CF3-BAA0-E331AC9FBA9D}.Debug|Any CPU.ActiveCfg = Debug|Any CPU
		{962F3402-D276-4CF3-BAA0-E331AC9FBA9D}.Debug|Any CPU.Build.0 = Debug|Any CPU
		{962F3402-D276-4CF3-BAA0-E331AC9FBA9D}.Release|Any CPU.ActiveCfg = Release|Any CPU
		{962F3402-D276-4CF3-BAA0-E331AC9FBA9D}.Release|Any CPU.Build.0 = Release|Any CPU
		{DAFC842E-3ECD-48EE-A12C-478F516C928B}.Debug|Any CPU.ActiveCfg = Debug|Any CPU
		{DAFC842E-3ECD-48EE-A12C-478F516C928B}.Debug|Any CPU.Build.0 = Debug|Any CPU
		{DAFC842E-3ECD-48EE-A12C-478F516C928B}.Release|Any CPU.ActiveCfg = Release|Any CPU
		{DAFC842E-3ECD-48EE-A12C-478F516C928B}.Release|Any CPU.Build.0 = Release|Any CPU
		{0B29AC9A-062E-4E27-8DD5-000C54762726}.Debug|Any CPU.ActiveCfg = Debug|Any CPU
		{0B29AC9A-062E-4E27-8DD5-000C54762726}.Debug|Any CPU.Build.0 = Debug|Any CPU
		{0B29AC9A-062E-4E27-8DD5-000C54762726}.Release|Any CPU.ActiveCfg = Release|Any CPU
		{0B29AC9A-062E-4E27-8DD5-000C54762726}.Release|Any CPU.Build.0 = Release|Any CPU
		{824E0C2C-2532-43EA-AAE8-C88E96000108}.Debug|Any CPU.ActiveCfg = Debug|Any CPU
		{824E0C2C-2532-43EA-AAE8-C88E96000108}.Debug|Any CPU.Build.0 = Debug|Any CPU
		{824E0C2C-2532-43EA-AAE8-C88E96000108}.Release|Any CPU.ActiveCfg = Release|Any CPU
		{824E0C2C-2532-43EA-AAE8-C88E96000108}.Release|Any CPU.Build.0 = Release|Any CPU
		{235B50D1-EF65-4691-8427-339437E7457C}.Debug|Any CPU.ActiveCfg = Debug|Any CPU
		{235B50D1-EF65-4691-8427-339437E7457C}.Debug|Any CPU.Build.0 = Debug|Any CPU
		{235B50D1-EF65-4691-8427-339437E7457C}.Release|Any CPU.ActiveCfg = Release|Any CPU
		{235B50D1-EF65-4691-8427-339437E7457C}.Release|Any CPU.Build.0 = Release|Any CPU
	EndGlobalSection
	GlobalSection(SolutionProperties) = preSolution
		HideSolutionNode = FALSE
	EndGlobalSection
	GlobalSection(NestedProjects) = preSolution
		{96B2765C-4A8D-41A5-804E-BE17492872AA} = {6539E982-9AF8-4017-92E2-AD2113320034}
		{9F95D72D-6C55-4688-8A4D-BFB7DD1EE04E} = {6539E982-9AF8-4017-92E2-AD2113320034}
		{F039BD8C-F5BE-49D1-99EE-82E19821CFA4} = {6539E982-9AF8-4017-92E2-AD2113320034}
		{962F3402-D276-4CF3-BAA0-E331AC9FBA9D} = {44B8B563-66EC-4C43-8763-E2494E2AC18A}
		{DAFC842E-3ECD-48EE-A12C-478F516C928B} = {44B8B563-66EC-4C43-8763-E2494E2AC18A}
		{0B29AC9A-062E-4E27-8DD5-000C54762726} = {44B8B563-66EC-4C43-8763-E2494E2AC18A}
		{824E0C2C-2532-43EA-AAE8-C88E96000108} = {6539E982-9AF8-4017-92E2-AD2113320034}
		{235B50D1-EF65-4691-8427-339437E7457C} = {44B8B563-66EC-4C43-8763-E2494E2AC18A}
	EndGlobalSection
	GlobalSection(ExtensibilityGlobals) = postSolution
		SolutionGuid = {B3100600-3497-4339-8CEA-A15812084809}
	EndGlobalSection
EndGlobal
